
Microsoft Visual Studio Solution File, Format Version 12.00
# Visual Studio Version 16
VisualStudioVersion = 25.0.1703.2
MinimumVisualStudioVersion = 10.0.40219.1
Project("{FAE04EC0-301F-11D3-BF4B-00C04F79EFBC}") = "Fall2022-Hello-World", "Fall2022-Hello-World\Fall2022-Hello-World.csproj", "{835754AC-6D6A-4D66-974B-87BFA2BF2689}"
EndProject
Global
	GlobalSection(SolutionConfigurationPlatforms) = preSolution
		Debug|Any CPU = Debug|Any CPU
		Release|Any CPU = Release|Any CPU
	EndGlobalSection
	GlobalSection(ProjectConfigurationPlatforms) = postSolution
		{835754AC-6D6A-4D66-974B-87BFA2BF2689}.Debug|Any CPU.ActiveCfg = Debug|Any CPU
		{835754AC-6D6A-4D66-974B-87BFA2BF2689}.Debug|Any CPU.Build.0 = Debug|Any CPU
		{835754AC-6D6A-4D66-974B-87BFA2BF2689}.Release|Any CPU.ActiveCfg = Release|Any CPU
		{835754AC-6D6A-4D66-974B-87BFA2BF2689}.Release|Any CPU.Build.0 = Release|Any CPU
	EndGlobalSection
	GlobalSection(SolutionProperties) = preSolution
		HideSolutionNode = FALSE
	EndGlobalSection
	GlobalSection(ExtensibilityGlobals) = postSolution
		SolutionGuid = {962D604C-6D90-4B5C-B06E-EE68397B7AED}
	EndGlobalSection
EndGlobal
